// !$*UTF8*$!
{
	archiveVersion = 1;
	classes = {
	};
	objectVersion = 56;
	objects = {

/* Begin PBXBuildFile section */
		1E0413C12C03B2B200618CE5 /* TabBarViewModel.swift in Sources */ = {isa = PBXBuildFile; fileRef = 1E0413C02C03B2B200618CE5 /* TabBarViewModel.swift */; };
		1E351DB62C05224F00344A40 /* TabBarView.swift in Sources */ = {isa = PBXBuildFile; fileRef = 1E351DB52C05224F00344A40 /* TabBarView.swift */; };
		1E351DB82C05226200344A40 /* TabBarViewController.swift in Sources */ = {isa = PBXBuildFile; fileRef = 1E351DB72C05226200344A40 /* TabBarViewController.swift */; };
		1E35D66B2BFBCA730088E593 /* TabBarItem.swift in Sources */ = {isa = PBXBuildFile; fileRef = 1E35D66A2BFBCA730088E593 /* TabBarItem.swift */; };
		1E50A4D12C027FC200981F7C /* TabBarUseCase.swift in Sources */ = {isa = PBXBuildFile; fileRef = 1E50A4D02C027FC200981F7C /* TabBarUseCase.swift */; };
		1E50A4D32C02850000981F7C /* TabBarCoordinator.swift in Sources */ = {isa = PBXBuildFile; fileRef = 1E50A4D22C02850000981F7C /* TabBarCoordinator.swift */; };
		1EC97B772BFC0782004D6A22 /* TabBarItemAbstractFactory.swift in Sources */ = {isa = PBXBuildFile; fileRef = 1EC97B762BFC0782004D6A22 /* TabBarItemAbstractFactory.swift */; };
		EE2132FA2C03C635007BA83C /* ERButton.swift in Sources */ = {isa = PBXBuildFile; fileRef = EE2132F92C03C635007BA83C /* ERButton.swift */; };
		EE2132FC2C03D015007BA83C /* SocialMediaButton.swift in Sources */ = {isa = PBXBuildFile; fileRef = EE2132FB2C03D015007BA83C /* SocialMediaButton.swift */; };
		EE2132FF2C03D1E2007BA83C /* CGFloat+Constants.swift in Sources */ = {isa = PBXBuildFile; fileRef = EE2132FE2C03D1E2007BA83C /* CGFloat+Constants.swift */; };
		EE660E472BEAB6CF00F89868 /* AppDelegate.swift in Sources */ = {isa = PBXBuildFile; fileRef = EE660E462BEAB6CF00F89868 /* AppDelegate.swift */; };
		EE660E492BEAB6CF00F89868 /* SceneDelegate.swift in Sources */ = {isa = PBXBuildFile; fileRef = EE660E482BEAB6CF00F89868 /* SceneDelegate.swift */; };
		EE660E502BEAB6D400F89868 /* Assets.xcassets in Resources */ = {isa = PBXBuildFile; fileRef = EE660E4F2BEAB6D400F89868 /* Assets.xcassets */; };
		EE660E532BEAB6D400F89868 /* Base in Resources */ = {isa = PBXBuildFile; fileRef = EE660E522BEAB6D400F89868 /* Base */; };
		EE660E5E2BEAB6D500F89868 /* EasyRiderTests.swift in Sources */ = {isa = PBXBuildFile; fileRef = EE660E5D2BEAB6D500F89868 /* EasyRiderTests.swift */; };
		EE660E682BEAB6D500F89868 /* EasyRiderUITests.swift in Sources */ = {isa = PBXBuildFile; fileRef = EE660E672BEAB6D500F89868 /* EasyRiderUITests.swift */; };
		EE660E6A2BEAB6D500F89868 /* EasyRiderUITestsLaunchTests.swift in Sources */ = {isa = PBXBuildFile; fileRef = EE660E692BEAB6D500F89868 /* EasyRiderUITestsLaunchTests.swift */; };
		EE660E7B2BEAB83F00F89868 /* Colors.xcassets in Resources */ = {isa = PBXBuildFile; fileRef = EE660E7A2BEAB83F00F89868 /* Colors.xcassets */; };
		EE660E832BEAB8CA00F89868 /* SplashView.swift in Sources */ = {isa = PBXBuildFile; fileRef = EE660E822BEAB8CA00F89868 /* SplashView.swift */; };
		EE660E852BEAB8EB00F89868 /* SplashViewModel.swift in Sources */ = {isa = PBXBuildFile; fileRef = EE660E842BEAB8EA00F89868 /* SplashViewModel.swift */; };
		EE660E872BEAB90600F89868 /* SplashViewController.swift in Sources */ = {isa = PBXBuildFile; fileRef = EE660E862BEAB90600F89868 /* SplashViewController.swift */; };
		EE660E912BEAC20E00F89868 /* ERCoordinator.swift in Sources */ = {isa = PBXBuildFile; fileRef = EE660E902BEAC20E00F89868 /* ERCoordinator.swift */; };
		EE660E932BEAC5F500F89868 /* SplashCoordinator.swift in Sources */ = {isa = PBXBuildFile; fileRef = EE660E922BEAC5F500F89868 /* SplashCoordinator.swift */; };
		EE660E952BEAC8DC00F89868 /* ERCoordinatorCommand.swift in Sources */ = {isa = PBXBuildFile; fileRef = EE660E942BEAC8DC00F89868 /* ERCoordinatorCommand.swift */; };
		EE660E982BEAC8F700F89868 /* Command.swift in Sources */ = {isa = PBXBuildFile; fileRef = EE660E972BEAC8F700F89868 /* Command.swift */; };
		EE660E9A2BEAC95E00F89868 /* ERRouter.swift in Sources */ = {isa = PBXBuildFile; fileRef = EE660E992BEAC95E00F89868 /* ERRouter.swift */; };
		EEA320D52BF64ED10026B058 /* SignupCoordinator.swift in Sources */ = {isa = PBXBuildFile; fileRef = EEA320D02BF64ED10026B058 /* SignupCoordinator.swift */; };
		EEA320D62BF64ED10026B058 /* SignupView.swift in Sources */ = {isa = PBXBuildFile; fileRef = EEA320D12BF64ED10026B058 /* SignupView.swift */; };
		EEA320D72BF64ED10026B058 /* SignupViewController.swift in Sources */ = {isa = PBXBuildFile; fileRef = EEA320D22BF64ED10026B058 /* SignupViewController.swift */; };
		EEA320D82BF64ED10026B058 /* SignupViewModel.swift in Sources */ = {isa = PBXBuildFile; fileRef = EEA320D32BF64ED10026B058 /* SignupViewModel.swift */; };
		EEA320DE2BF64ED60026B058 /* NextCoordinator.swift in Sources */ = {isa = PBXBuildFile; fileRef = EEA320D92BF64ED60026B058 /* NextCoordinator.swift */; };
		EEA320DF2BF64ED60026B058 /* NextView.swift in Sources */ = {isa = PBXBuildFile; fileRef = EEA320DA2BF64ED60026B058 /* NextView.swift */; };
		EEA320E02BF64ED60026B058 /* NextViewController.swift in Sources */ = {isa = PBXBuildFile; fileRef = EEA320DB2BF64ED60026B058 /* NextViewController.swift */; };
		EEA320E12BF64ED60026B058 /* NextViewModel.swift in Sources */ = {isa = PBXBuildFile; fileRef = EEA320DC2BF64ED60026B058 /* NextViewModel.swift */; };
		EEA320E62BF652C40026B058 /* ERTextField.swift in Sources */ = {isa = PBXBuildFile; fileRef = EEA320E52BF652C40026B058 /* ERTextField.swift */; };
		EEA320E82BF656450026B058 /* DropDownTextField.swift in Sources */ = {isa = PBXBuildFile; fileRef = EEA320E72BF656450026B058 /* DropDownTextField.swift */; };
		EEB55BC82BEEB5AA0010692E /* LoginViewModel.swift in Sources */ = {isa = PBXBuildFile; fileRef = EEB55BC42BEEB5AA0010692E /* LoginViewModel.swift */; };
		EEB55BC92BEEB5AA0010692E /* LoginCoordinator.swift in Sources */ = {isa = PBXBuildFile; fileRef = EEB55BC52BEEB5AA0010692E /* LoginCoordinator.swift */; };
		EEB55BCA2BEEB5AA0010692E /* LoginViewController.swift in Sources */ = {isa = PBXBuildFile; fileRef = EEB55BC62BEEB5AA0010692E /* LoginViewController.swift */; };
		EEB55BCB2BEEB5AA0010692E /* LoginView.swift in Sources */ = {isa = PBXBuildFile; fileRef = EEB55BC72BEEB5AA0010692E /* LoginView.swift */; };
		EEB55BCF2BEEB5C90010692E /* LoginUseCase.swift in Sources */ = {isa = PBXBuildFile; fileRef = EEB55BCE2BEEB5C90010692E /* LoginUseCase.swift */; };
		EEEE837B2BF3ADD200B5E566 /* Poppins-Bold.ttf in Resources */ = {isa = PBXBuildFile; fileRef = EEEE83762BF3ADD200B5E566 /* Poppins-Bold.ttf */; };
		EEEE837C2BF3ADD200B5E566 /* Font+Style.swift in Sources */ = {isa = PBXBuildFile; fileRef = EEEE83772BF3ADD200B5E566 /* Font+Style.swift */; };
		EEEE837D2BF3ADD200B5E566 /* Poppins-Regular.ttf in Resources */ = {isa = PBXBuildFile; fileRef = EEEE83782BF3ADD200B5E566 /* Poppins-Regular.ttf */; };
		EEEE837E2BF3ADD200B5E566 /* UIFont+Style.swift in Sources */ = {isa = PBXBuildFile; fileRef = EEEE83792BF3ADD200B5E566 /* UIFont+Style.swift */; };
		EEEE837F2BF3ADD200B5E566 /* Poppins-Medium.ttf in Resources */ = {isa = PBXBuildFile; fileRef = EEEE837A2BF3ADD200B5E566 /* Poppins-Medium.ttf */; };
		EEEE83822BF3B0FB00B5E566 /* .swiftlint.yml in Resources */ = {isa = PBXBuildFile; fileRef = EEEE83812BF3B0FB00B5E566 /* .swiftlint.yml */; };
		EEEE83872BF3B44100B5E566 /* Localizable.strings in Resources */ = {isa = PBXBuildFile; fileRef = EEEE83852BF3B44100B5E566 /* Localizable.strings */; };
		EEEE838A2BF3B49700B5E566 /* swiftgen.yml in Resources */ = {isa = PBXBuildFile; fileRef = EEEE83892BF3B49700B5E566 /* swiftgen.yml */; };
		EEEE838E2BF3B51C00B5E566 /* Strings+Generated.swift in Sources */ = {isa = PBXBuildFile; fileRef = EEEE838D2BF3B51C00B5E566 /* Strings+Generated.swift */; };
		EEEE83902BF3B84C00B5E566 /* Assets.swift in Sources */ = {isa = PBXBuildFile; fileRef = EEEE838F2BF3B84C00B5E566 /* Assets.swift */; };
		EEFF6C6F2BF7FD6A00FD9906 /* TermsAndCondition.swift in Sources */ = {isa = PBXBuildFile; fileRef = EEFF6C6E2BF7FD6A00FD9906 /* TermsAndCondition.swift */; };
		EEFF6C722BF810A800FD9906 /* Coordinator in Resources */ = {isa = PBXBuildFile; fileRef = EEFF6C702BF810A800FD9906 /* Coordinator */; };
		EEFF6C752BF810B700FD9906 /* Coordinator in Frameworks */ = {isa = PBXBuildFile; productRef = EEFF6C742BF810B700FD9906 /* Coordinator */; };
/* End PBXBuildFile section */

/* Begin PBXContainerItemProxy section */
		EE660E5A2BEAB6D500F89868 /* PBXContainerItemProxy */ = {
			isa = PBXContainerItemProxy;
			containerPortal = EE660E3B2BEAB6CF00F89868 /* Project object */;
			proxyType = 1;
			remoteGlobalIDString = EE660E422BEAB6CF00F89868;
			remoteInfo = EasyRider;
		};
		EE660E642BEAB6D500F89868 /* PBXContainerItemProxy */ = {
			isa = PBXContainerItemProxy;
			containerPortal = EE660E3B2BEAB6CF00F89868 /* Project object */;
			proxyType = 1;
			remoteGlobalIDString = EE660E422BEAB6CF00F89868;
			remoteInfo = EasyRider;
		};
/* End PBXContainerItemProxy section */

/* Begin PBXFileReference section */
		1E0413C02C03B2B200618CE5 /* TabBarViewModel.swift */ = {isa = PBXFileReference; lastKnownFileType = sourcecode.swift; path = TabBarViewModel.swift; sourceTree = "<group>"; };
		1E351DB52C05224F00344A40 /* TabBarView.swift */ = {isa = PBXFileReference; lastKnownFileType = sourcecode.swift; path = TabBarView.swift; sourceTree = "<group>"; };
		1E351DB72C05226200344A40 /* TabBarViewController.swift */ = {isa = PBXFileReference; lastKnownFileType = sourcecode.swift; path = TabBarViewController.swift; sourceTree = "<group>"; };
		1E35D66A2BFBCA730088E593 /* TabBarItem.swift */ = {isa = PBXFileReference; lastKnownFileType = sourcecode.swift; path = TabBarItem.swift; sourceTree = "<group>"; };
		1E50A4D02C027FC200981F7C /* TabBarUseCase.swift */ = {isa = PBXFileReference; lastKnownFileType = sourcecode.swift; path = TabBarUseCase.swift; sourceTree = "<group>"; };
		1E50A4D22C02850000981F7C /* TabBarCoordinator.swift */ = {isa = PBXFileReference; lastKnownFileType = sourcecode.swift; path = TabBarCoordinator.swift; sourceTree = "<group>"; };
		1EC97B762BFC0782004D6A22 /* TabBarItemAbstractFactory.swift */ = {isa = PBXFileReference; lastKnownFileType = sourcecode.swift; path = TabBarItemAbstractFactory.swift; sourceTree = "<group>"; };
		3887041F2BF64AB7006A48FE /* EasyRider.app */ = {isa = PBXFileReference; explicitFileType = wrapper.application; includeInIndex = 0; path = EasyRider.app; sourceTree = BUILT_PRODUCTS_DIR; };
		388704202BF64AB7006A48FE /* EasyRiderTests.xctest */ = {isa = PBXFileReference; explicitFileType = wrapper.cfbundle; includeInIndex = 0; path = EasyRiderTests.xctest; sourceTree = BUILT_PRODUCTS_DIR; };
		388704212BF64AB7006A48FE /* EasyRiderUITests.xctest */ = {isa = PBXFileReference; explicitFileType = wrapper.cfbundle; includeInIndex = 0; path = EasyRiderUITests.xctest; sourceTree = BUILT_PRODUCTS_DIR; };
		EE2132F92C03C635007BA83C /* ERButton.swift */ = {isa = PBXFileReference; lastKnownFileType = sourcecode.swift; path = ERButton.swift; sourceTree = "<group>"; };
		EE2132FB2C03D015007BA83C /* SocialMediaButton.swift */ = {isa = PBXFileReference; lastKnownFileType = sourcecode.swift; path = SocialMediaButton.swift; sourceTree = "<group>"; };
		EE2132FE2C03D1E2007BA83C /* CGFloat+Constants.swift */ = {isa = PBXFileReference; lastKnownFileType = sourcecode.swift; path = "CGFloat+Constants.swift"; sourceTree = "<group>"; };
		EE660E462BEAB6CF00F89868 /* AppDelegate.swift */ = {isa = PBXFileReference; lastKnownFileType = sourcecode.swift; path = AppDelegate.swift; sourceTree = "<group>"; };
		EE660E482BEAB6CF00F89868 /* SceneDelegate.swift */ = {isa = PBXFileReference; lastKnownFileType = sourcecode.swift; path = SceneDelegate.swift; sourceTree = "<group>"; };
		EE660E4F2BEAB6D400F89868 /* Assets.xcassets */ = {isa = PBXFileReference; lastKnownFileType = folder.assetcatalog; path = Assets.xcassets; sourceTree = "<group>"; };
		EE660E522BEAB6D400F89868 /* Base */ = {isa = PBXFileReference; lastKnownFileType = file.storyboard; name = Base; path = Base.lproj/LaunchScreen.storyboard; sourceTree = "<group>"; };
		EE660E542BEAB6D400F89868 /* Info.plist */ = {isa = PBXFileReference; lastKnownFileType = text.plist.xml; path = Info.plist; sourceTree = "<group>"; };
		EE660E5D2BEAB6D500F89868 /* EasyRiderTests.swift */ = {isa = PBXFileReference; lastKnownFileType = sourcecode.swift; path = EasyRiderTests.swift; sourceTree = "<group>"; };
		EE660E672BEAB6D500F89868 /* EasyRiderUITests.swift */ = {isa = PBXFileReference; lastKnownFileType = sourcecode.swift; path = EasyRiderUITests.swift; sourceTree = "<group>"; };
		EE660E692BEAB6D500F89868 /* EasyRiderUITestsLaunchTests.swift */ = {isa = PBXFileReference; lastKnownFileType = sourcecode.swift; path = EasyRiderUITestsLaunchTests.swift; sourceTree = "<group>"; };
		EE660E7A2BEAB83F00F89868 /* Colors.xcassets */ = {isa = PBXFileReference; lastKnownFileType = folder.assetcatalog; path = Colors.xcassets; sourceTree = "<group>"; };
		EE660E822BEAB8CA00F89868 /* SplashView.swift */ = {isa = PBXFileReference; lastKnownFileType = sourcecode.swift; path = SplashView.swift; sourceTree = "<group>"; };
		EE660E842BEAB8EA00F89868 /* SplashViewModel.swift */ = {isa = PBXFileReference; lastKnownFileType = sourcecode.swift; path = SplashViewModel.swift; sourceTree = "<group>"; };
		EE660E862BEAB90600F89868 /* SplashViewController.swift */ = {isa = PBXFileReference; lastKnownFileType = sourcecode.swift; path = SplashViewController.swift; sourceTree = "<group>"; };
		EE660E902BEAC20E00F89868 /* ERCoordinator.swift */ = {isa = PBXFileReference; lastKnownFileType = sourcecode.swift; path = ERCoordinator.swift; sourceTree = "<group>"; };
		EE660E922BEAC5F500F89868 /* SplashCoordinator.swift */ = {isa = PBXFileReference; lastKnownFileType = sourcecode.swift; path = SplashCoordinator.swift; sourceTree = "<group>"; };
		EE660E942BEAC8DC00F89868 /* ERCoordinatorCommand.swift */ = {isa = PBXFileReference; lastKnownFileType = sourcecode.swift; path = ERCoordinatorCommand.swift; sourceTree = "<group>"; };
		EE660E972BEAC8F700F89868 /* Command.swift */ = {isa = PBXFileReference; lastKnownFileType = sourcecode.swift; path = Command.swift; sourceTree = "<group>"; };
		EE660E992BEAC95E00F89868 /* ERRouter.swift */ = {isa = PBXFileReference; lastKnownFileType = sourcecode.swift; path = ERRouter.swift; sourceTree = "<group>"; };
		EEA320D02BF64ED10026B058 /* SignupCoordinator.swift */ = {isa = PBXFileReference; fileEncoding = 4; lastKnownFileType = sourcecode.swift; path = SignupCoordinator.swift; sourceTree = "<group>"; };
		EEA320D12BF64ED10026B058 /* SignupView.swift */ = {isa = PBXFileReference; fileEncoding = 4; lastKnownFileType = sourcecode.swift; path = SignupView.swift; sourceTree = "<group>"; };
		EEA320D22BF64ED10026B058 /* SignupViewController.swift */ = {isa = PBXFileReference; fileEncoding = 4; lastKnownFileType = sourcecode.swift; path = SignupViewController.swift; sourceTree = "<group>"; };
		EEA320D32BF64ED10026B058 /* SignupViewModel.swift */ = {isa = PBXFileReference; fileEncoding = 4; lastKnownFileType = sourcecode.swift; path = SignupViewModel.swift; sourceTree = "<group>"; };
		EEA320D92BF64ED60026B058 /* NextCoordinator.swift */ = {isa = PBXFileReference; fileEncoding = 4; lastKnownFileType = sourcecode.swift; path = NextCoordinator.swift; sourceTree = "<group>"; };
		EEA320DA2BF64ED60026B058 /* NextView.swift */ = {isa = PBXFileReference; fileEncoding = 4; lastKnownFileType = sourcecode.swift; path = NextView.swift; sourceTree = "<group>"; };
		EEA320DB2BF64ED60026B058 /* NextViewController.swift */ = {isa = PBXFileReference; fileEncoding = 4; lastKnownFileType = sourcecode.swift; path = NextViewController.swift; sourceTree = "<group>"; };
		EEA320DC2BF64ED60026B058 /* NextViewModel.swift */ = {isa = PBXFileReference; fileEncoding = 4; lastKnownFileType = sourcecode.swift; path = NextViewModel.swift; sourceTree = "<group>"; };
		EEA320E52BF652C40026B058 /* ERTextField.swift */ = {isa = PBXFileReference; lastKnownFileType = sourcecode.swift; path = ERTextField.swift; sourceTree = "<group>"; };
		EEA320E72BF656450026B058 /* DropDownTextField.swift */ = {isa = PBXFileReference; lastKnownFileType = sourcecode.swift; path = DropDownTextField.swift; sourceTree = "<group>"; };
		EEB55BC42BEEB5AA0010692E /* LoginViewModel.swift */ = {isa = PBXFileReference; fileEncoding = 4; lastKnownFileType = sourcecode.swift; path = LoginViewModel.swift; sourceTree = "<group>"; };
		EEB55BC52BEEB5AA0010692E /* LoginCoordinator.swift */ = {isa = PBXFileReference; fileEncoding = 4; lastKnownFileType = sourcecode.swift; path = LoginCoordinator.swift; sourceTree = "<group>"; };
		EEB55BC62BEEB5AA0010692E /* LoginViewController.swift */ = {isa = PBXFileReference; fileEncoding = 4; lastKnownFileType = sourcecode.swift; path = LoginViewController.swift; sourceTree = "<group>"; };
		EEB55BC72BEEB5AA0010692E /* LoginView.swift */ = {isa = PBXFileReference; fileEncoding = 4; lastKnownFileType = sourcecode.swift; path = LoginView.swift; sourceTree = "<group>"; };
		EEB55BCE2BEEB5C90010692E /* LoginUseCase.swift */ = {isa = PBXFileReference; fileEncoding = 4; lastKnownFileType = sourcecode.swift; path = LoginUseCase.swift; sourceTree = "<group>"; };
		EEEE83762BF3ADD200B5E566 /* Poppins-Bold.ttf */ = {isa = PBXFileReference; lastKnownFileType = file; path = "Poppins-Bold.ttf"; sourceTree = "<group>"; };
		EEEE83772BF3ADD200B5E566 /* Font+Style.swift */ = {isa = PBXFileReference; fileEncoding = 4; lastKnownFileType = sourcecode.swift; path = "Font+Style.swift"; sourceTree = "<group>"; };
		EEEE83782BF3ADD200B5E566 /* Poppins-Regular.ttf */ = {isa = PBXFileReference; lastKnownFileType = file; path = "Poppins-Regular.ttf"; sourceTree = "<group>"; };
		EEEE83792BF3ADD200B5E566 /* UIFont+Style.swift */ = {isa = PBXFileReference; fileEncoding = 4; lastKnownFileType = sourcecode.swift; path = "UIFont+Style.swift"; sourceTree = "<group>"; };
		EEEE837A2BF3ADD200B5E566 /* Poppins-Medium.ttf */ = {isa = PBXFileReference; lastKnownFileType = file; path = "Poppins-Medium.ttf"; sourceTree = "<group>"; };
		EEEE83802BF3AF7800B5E566 /* Poppins-SemiBold.ttf */ = {isa = PBXFileReference; lastKnownFileType = file; path = "Poppins-SemiBold.ttf"; sourceTree = "<group>"; };
		EEEE83812BF3B0FB00B5E566 /* .swiftlint.yml */ = {isa = PBXFileReference; fileEncoding = 4; lastKnownFileType = text.yaml; path = .swiftlint.yml; sourceTree = "<group>"; };
		EEEE83842BF3B43300B5E566 /* ar */ = {isa = PBXFileReference; lastKnownFileType = text.plist.strings; name = ar; path = ar.lproj/LaunchScreen.strings; sourceTree = "<group>"; };
		EEEE83862BF3B44100B5E566 /* en */ = {isa = PBXFileReference; lastKnownFileType = text.plist.strings; name = en; path = en.lproj/Localizable.strings; sourceTree = "<group>"; };
		EEEE83882BF3B44C00B5E566 /* ar */ = {isa = PBXFileReference; lastKnownFileType = text.plist.strings; name = ar; path = ar.lproj/Localizable.strings; sourceTree = "<group>"; };
		EEEE83892BF3B49700B5E566 /* swiftgen.yml */ = {isa = PBXFileReference; fileEncoding = 4; lastKnownFileType = text.yaml; path = swiftgen.yml; sourceTree = "<group>"; };
		EEEE838D2BF3B51C00B5E566 /* Strings+Generated.swift */ = {isa = PBXFileReference; fileEncoding = 4; lastKnownFileType = sourcecode.swift; path = "Strings+Generated.swift"; sourceTree = "<group>"; };
		EEEE838F2BF3B84C00B5E566 /* Assets.swift */ = {isa = PBXFileReference; fileEncoding = 4; lastKnownFileType = sourcecode.swift; path = Assets.swift; sourceTree = "<group>"; };
		EEFF6C6E2BF7FD6A00FD9906 /* TermsAndCondition.swift */ = {isa = PBXFileReference; lastKnownFileType = sourcecode.swift; path = TermsAndCondition.swift; sourceTree = "<group>"; };
		EEFF6C702BF810A800FD9906 /* Coordinator */ = {isa = PBXFileReference; lastKnownFileType = wrapper; path = Coordinator; sourceTree = "<group>"; };
/* End PBXFileReference section */

/* Begin PBXFrameworksBuildPhase section */
		EE660E402BEAB6CF00F89868 /* Frameworks */ = {
			isa = PBXFrameworksBuildPhase;
			buildActionMask = 2147483647;
			files = (
				EEFF6C752BF810B700FD9906 /* Coordinator in Frameworks */,
			);
			runOnlyForDeploymentPostprocessing = 0;
		};
		EE660E562BEAB6D500F89868 /* Frameworks */ = {
			isa = PBXFrameworksBuildPhase;
			buildActionMask = 2147483647;
			files = (
			);
			runOnlyForDeploymentPostprocessing = 0;
		};
		EE660E602BEAB6D500F89868 /* Frameworks */ = {
			isa = PBXFrameworksBuildPhase;
			buildActionMask = 2147483647;
			files = (
			);
			runOnlyForDeploymentPostprocessing = 0;
		};
/* End PBXFrameworksBuildPhase section */

/* Begin PBXGroup section */
		1E35D6682BFBC7A70088E593 /* TabBar */ = {
			isa = PBXGroup;
			children = (
				1E7F04432BFD0CFC0075DA5D /* Presentation */,
				1E7F04422BFD0CE90075DA5D /* Domain */,
			);
			path = TabBar;
			sourceTree = "<group>";
		};
		1E35D6692BFBCA470088E593 /* Entities */ = {
			isa = PBXGroup;
			children = (
				1E35D66A2BFBCA730088E593 /* TabBarItem.swift */,
				1EC97B762BFC0782004D6A22 /* TabBarItemAbstractFactory.swift */,
			);
			path = Entities;
			sourceTree = "<group>";
		};
		1E7F04422BFD0CE90075DA5D /* Domain */ = {
			isa = PBXGroup;
			children = (
				1E35D6692BFBCA470088E593 /* Entities */,
				1E50A4D02C027FC200981F7C /* TabBarUseCase.swift */,
			);
			path = Domain;
			sourceTree = "<group>";
		};
		1E7F04432BFD0CFC0075DA5D /* Presentation */ = {
			isa = PBXGroup;
			children = (
				1E50A4D22C02850000981F7C /* TabBarCoordinator.swift */,
				1E0413C02C03B2B200618CE5 /* TabBarViewModel.swift */,
				1E351DB52C05224F00344A40 /* TabBarView.swift */,
				1E351DB72C05226200344A40 /* TabBarViewController.swift */,
			);
			path = Presentation;
			sourceTree = "<group>";
		};
		EE2132F82C03C62D007BA83C /* Buttons */ = {
			isa = PBXGroup;
			children = (
				EE2132F92C03C635007BA83C /* ERButton.swift */,
				EE2132FB2C03D015007BA83C /* SocialMediaButton.swift */,
			);
			path = Buttons;
			sourceTree = "<group>";
		};
		EE2132FD2C03D1D7007BA83C /* Extensions */ = {
			isa = PBXGroup;
			children = (
				EE2132FE2C03D1E2007BA83C /* CGFloat+Constants.swift */,
			);
			path = Extensions;
			sourceTree = "<group>";
		};
		EE660E3A2BEAB6CF00F89868 = {
			isa = PBXGroup;
			children = (
				EEFF6C712BF810A800FD9906 /* Modules */,
				EEEE83892BF3B49700B5E566 /* swiftgen.yml */,
				EEEE83812BF3B0FB00B5E566 /* .swiftlint.yml */,
				EE660E452BEAB6CF00F89868 /* EasyRider */,
				EE660E892BEABF4B00F89868 /* Utilities */,
				EE660E772BEAB80900F89868 /* Resources */,
				EE660E5C2BEAB6D500F89868 /* EasyRiderTests */,
				EE660E662BEAB6D500F89868 /* EasyRiderUITests */,
				3887041F2BF64AB7006A48FE /* EasyRider.app */,
				388704202BF64AB7006A48FE /* EasyRiderTests.xctest */,
				388704212BF64AB7006A48FE /* EasyRiderUITests.xctest */,
				EEFF6C732BF810B700FD9906 /* Frameworks */,
			);
			sourceTree = "<group>";
		};
		EE660E452BEAB6CF00F89868 /* EasyRider */ = {
			isa = PBXGroup;
			children = (
				EE660E8F2BEAC17900F89868 /* AppCoordinator */,
				EE660E762BEAB80100F89868 /* Scenes */,
				EE660E462BEAB6CF00F89868 /* AppDelegate.swift */,
				EE660E482BEAB6CF00F89868 /* SceneDelegate.swift */,
				EE660E542BEAB6D400F89868 /* Info.plist */,
			);
			path = EasyRider;
			sourceTree = "<group>";
		};
		EE660E5C2BEAB6D500F89868 /* EasyRiderTests */ = {
			isa = PBXGroup;
			children = (
				EE660E5D2BEAB6D500F89868 /* EasyRiderTests.swift */,
			);
			path = EasyRiderTests;
			sourceTree = "<group>";
		};
		EE660E662BEAB6D500F89868 /* EasyRiderUITests */ = {
			isa = PBXGroup;
			children = (
				EE660E672BEAB6D500F89868 /* EasyRiderUITests.swift */,
				EE660E692BEAB6D500F89868 /* EasyRiderUITestsLaunchTests.swift */,
			);
			path = EasyRiderUITests;
			sourceTree = "<group>";
		};
		EE660E762BEAB80100F89868 /* Scenes */ = {
			isa = PBXGroup;
			children = (
				1E35D6682BFBC7A70088E593 /* TabBar */,
				EEA320E22BF64EDE0026B058 /* Authentication */,
				EEB55BBE2BEEB5920010692E /* Login */,
				EE660E7E2BEAB86100F89868 /* Splash */,
			);
			path = Scenes;
			sourceTree = "<group>";
		};
		EE660E772BEAB80900F89868 /* Resources */ = {
			isa = PBXGroup;
			children = (
				EEEE838B2BF3B4A200B5E566 /* Generated */,
				EE660E7D2BEAB84900F89868 /* LaunchScreen */,
				EE660E7C2BEAB84500F89868 /* Fonts */,
				EE660E792BEAB82500F89868 /* Localization */,
				EE660E782BEAB82000F89868 /* Assets */,
			);
			path = Resources;
			sourceTree = "<group>";
		};
		EE660E782BEAB82000F89868 /* Assets */ = {
			isa = PBXGroup;
			children = (
				EE660E4F2BEAB6D400F89868 /* Assets.xcassets */,
				EE660E7A2BEAB83F00F89868 /* Colors.xcassets */,
			);
			path = Assets;
			sourceTree = "<group>";
		};
		EE660E792BEAB82500F89868 /* Localization */ = {
			isa = PBXGroup;
			children = (
				EEEE83852BF3B44100B5E566 /* Localizable.strings */,
			);
			path = Localization;
			sourceTree = "<group>";
		};
		EE660E7C2BEAB84500F89868 /* Fonts */ = {
			isa = PBXGroup;
			children = (
				EEEE83772BF3ADD200B5E566 /* Font+Style.swift */,
				EEEE83792BF3ADD200B5E566 /* UIFont+Style.swift */,
				EEEE83802BF3AF7800B5E566 /* Poppins-SemiBold.ttf */,
				EEEE83762BF3ADD200B5E566 /* Poppins-Bold.ttf */,
				EEEE837A2BF3ADD200B5E566 /* Poppins-Medium.ttf */,
				EEEE83782BF3ADD200B5E566 /* Poppins-Regular.ttf */,
			);
			path = Fonts;
			sourceTree = "<group>";
		};
		EE660E7D2BEAB84900F89868 /* LaunchScreen */ = {
			isa = PBXGroup;
			children = (
				EE660E512BEAB6D400F89868 /* LaunchScreen.storyboard */,
			);
			path = LaunchScreen;
			sourceTree = "<group>";
		};
		EE660E7E2BEAB86100F89868 /* Splash */ = {
			isa = PBXGroup;
			children = (
				EE660E7F2BEAB89400F89868 /* Presentation */,
			);
			path = Splash;
			sourceTree = "<group>";
		};
		EE660E7F2BEAB89400F89868 /* Presentation */ = {
			isa = PBXGroup;
			children = (
				EE660E822BEAB8CA00F89868 /* SplashView.swift */,
				EE660E842BEAB8EA00F89868 /* SplashViewModel.swift */,
				EE660E862BEAB90600F89868 /* SplashViewController.swift */,
				EE660E922BEAC5F500F89868 /* SplashCoordinator.swift */,
			);
			path = Presentation;
			sourceTree = "<group>";
		};
		EE660E892BEABF4B00F89868 /* Utilities */ = {
			isa = PBXGroup;
			children = (
				EE2132FD2C03D1D7007BA83C /* Extensions */,
				EEA320E32BF652AB0026B058 /* Custom Views */,
				EE660E962BEAC8EC00F89868 /* Protocols */,
			);
			path = Utilities;
			sourceTree = "<group>";
		};
		EE660E8F2BEAC17900F89868 /* AppCoordinator */ = {
			isa = PBXGroup;
			children = (
				EE660E992BEAC95E00F89868 /* ERRouter.swift */,
				EE660E902BEAC20E00F89868 /* ERCoordinator.swift */,
				EE660E942BEAC8DC00F89868 /* ERCoordinatorCommand.swift */,
			);
			path = AppCoordinator;
			sourceTree = "<group>";
		};
		EE660E962BEAC8EC00F89868 /* Protocols */ = {
			isa = PBXGroup;
			children = (
				EE660E972BEAC8F700F89868 /* Command.swift */,
			);
			path = Protocols;
			sourceTree = "<group>";
		};
		EEA320D42BF64ED10026B058 /* Signup */ = {
			isa = PBXGroup;
			children = (
				EEA320D12BF64ED10026B058 /* SignupView.swift */,
				EEA320D32BF64ED10026B058 /* SignupViewModel.swift */,
				EEA320D22BF64ED10026B058 /* SignupViewController.swift */,
				EEA320D02BF64ED10026B058 /* SignupCoordinator.swift */,
			);
			path = Signup;
			sourceTree = "<group>";
		};
		EEA320DD2BF64ED60026B058 /* Next */ = {
			isa = PBXGroup;
			children = (
				EEA320D92BF64ED60026B058 /* NextCoordinator.swift */,
				EEA320DA2BF64ED60026B058 /* NextView.swift */,
				EEA320DB2BF64ED60026B058 /* NextViewController.swift */,
				EEA320DC2BF64ED60026B058 /* NextViewModel.swift */,
			);
			path = Next;
			sourceTree = "<group>";
		};
		EEA320E22BF64EDE0026B058 /* Authentication */ = {
			isa = PBXGroup;
			children = (
				EEA320DD2BF64ED60026B058 /* Next */,
				EEA320D42BF64ED10026B058 /* Signup */,
			);
			path = Authentication;
			sourceTree = "<group>";
		};
		EEA320E32BF652AB0026B058 /* Custom Views */ = {
			isa = PBXGroup;
			children = (
				EE2132F82C03C62D007BA83C /* Buttons */,
				EEFF6C6D2BF7FD6400FD9906 /* Text */,
				EEA320E42BF652B10026B058 /* TextFields */,
			);
			path = "Custom Views";
			sourceTree = "<group>";
		};
		EEA320E42BF652B10026B058 /* TextFields */ = {
			isa = PBXGroup;
			children = (
				EEA320E52BF652C40026B058 /* ERTextField.swift */,
				EEA320E72BF656450026B058 /* DropDownTextField.swift */,
			);
			path = TextFields;
			sourceTree = "<group>";
		};
		EEB55BBE2BEEB5920010692E /* Login */ = {
			isa = PBXGroup;
			children = (
				EEB55BCD2BEEB5B90010692E /* Domain */,
				EEB55BC32BEEB59F0010692E /* Presentation */,
			);
			path = Login;
			sourceTree = "<group>";
		};
		EEB55BC32BEEB59F0010692E /* Presentation */ = {
			isa = PBXGroup;
			children = (
				EEB55BC72BEEB5AA0010692E /* LoginView.swift */,
				EEB55BC42BEEB5AA0010692E /* LoginViewModel.swift */,
				EEB55BC62BEEB5AA0010692E /* LoginViewController.swift */,
				EEB55BC52BEEB5AA0010692E /* LoginCoordinator.swift */,
			);
			path = Presentation;
			sourceTree = "<group>";
		};
		EEB55BCD2BEEB5B90010692E /* Domain */ = {
			isa = PBXGroup;
			children = (
				EEB55BCE2BEEB5C90010692E /* LoginUseCase.swift */,
			);
			path = Domain;
			sourceTree = "<group>";
		};
		EEEE838B2BF3B4A200B5E566 /* Generated */ = {
			isa = PBXGroup;
			children = (
				EEEE838F2BF3B84C00B5E566 /* Assets.swift */,
				EEEE838D2BF3B51C00B5E566 /* Strings+Generated.swift */,
			);
			path = Generated;
			sourceTree = "<group>";
		};
		EEFF6C6D2BF7FD6400FD9906 /* Text */ = {
			isa = PBXGroup;
			children = (
				EEFF6C6E2BF7FD6A00FD9906 /* TermsAndCondition.swift */,
			);
			path = Text;
			sourceTree = "<group>";
		};
		EEFF6C712BF810A800FD9906 /* Modules */ = {
			isa = PBXGroup;
			children = (
				EEFF6C702BF810A800FD9906 /* Coordinator */,
			);
			path = Modules;
			sourceTree = "<group>";
		};
		EEFF6C732BF810B700FD9906 /* Frameworks */ = {
			isa = PBXGroup;
			children = (
			);
			name = Frameworks;
			sourceTree = "<group>";
		};
/* End PBXGroup section */

/* Begin PBXNativeTarget section */
		EE660E422BEAB6CF00F89868 /* EasyRider */ = {
			isa = PBXNativeTarget;
			buildConfigurationList = EE660E6D2BEAB6D500F89868 /* Build configuration list for PBXNativeTarget "EasyRider" */;
			buildPhases = (
				EEEE83832BF3B12200B5E566 /* swiftlint */,
				EEEE838C2BF3B4CC00B5E566 /* swiftgen */,
				EE660E3F2BEAB6CF00F89868 /* Sources */,
				EE660E402BEAB6CF00F89868 /* Frameworks */,
				EE660E412BEAB6CF00F89868 /* Resources */,
			);
			buildRules = (
			);
			dependencies = (
			);
			name = EasyRider;
			packageProductDependencies = (
				EEFF6C742BF810B700FD9906 /* Coordinator */,
			);
			productName = EasyRider;
			productReference = 3887041F2BF64AB7006A48FE /* EasyRider.app */;
			productType = "com.apple.product-type.application";
		};
		EE660E582BEAB6D500F89868 /* EasyRiderTests */ = {
			isa = PBXNativeTarget;
			buildConfigurationList = EE660E702BEAB6D500F89868 /* Build configuration list for PBXNativeTarget "EasyRiderTests" */;
			buildPhases = (
				EE660E552BEAB6D500F89868 /* Sources */,
				EE660E562BEAB6D500F89868 /* Frameworks */,
				EE660E572BEAB6D500F89868 /* Resources */,
			);
			buildRules = (
			);
			dependencies = (
				EE660E5B2BEAB6D500F89868 /* PBXTargetDependency */,
			);
			name = EasyRiderTests;
			productName = EasyRiderTests;
			productReference = 388704202BF64AB7006A48FE /* EasyRiderTests.xctest */;
			productType = "com.apple.product-type.bundle.unit-test";
		};
		EE660E622BEAB6D500F89868 /* EasyRiderUITests */ = {
			isa = PBXNativeTarget;
			buildConfigurationList = EE660E732BEAB6D500F89868 /* Build configuration list for PBXNativeTarget "EasyRiderUITests" */;
			buildPhases = (
				EE660E5F2BEAB6D500F89868 /* Sources */,
				EE660E602BEAB6D500F89868 /* Frameworks */,
				EE660E612BEAB6D500F89868 /* Resources */,
			);
			buildRules = (
			);
			dependencies = (
				EE660E652BEAB6D500F89868 /* PBXTargetDependency */,
			);
			name = EasyRiderUITests;
			productName = EasyRiderUITests;
			productReference = 388704212BF64AB7006A48FE /* EasyRiderUITests.xctest */;
			productType = "com.apple.product-type.bundle.ui-testing";
		};
/* End PBXNativeTarget section */

/* Begin PBXProject section */
		EE660E3B2BEAB6CF00F89868 /* Project object */ = {
			isa = PBXProject;
			attributes = {
				BuildIndependentTargetsInParallel = 1;
				LastSwiftUpdateCheck = 1530;
				LastUpgradeCheck = 1530;
				TargetAttributes = {
					EE660E422BEAB6CF00F89868 = {
						CreatedOnToolsVersion = 15.3;
					};
					EE660E582BEAB6D500F89868 = {
						CreatedOnToolsVersion = 15.3;
						TestTargetID = EE660E422BEAB6CF00F89868;
					};
					EE660E622BEAB6D500F89868 = {
						CreatedOnToolsVersion = 15.3;
						TestTargetID = EE660E422BEAB6CF00F89868;
					};
				};
			};
			buildConfigurationList = EE660E3E2BEAB6CF00F89868 /* Build configuration list for PBXProject "EasyRider" */;
			compatibilityVersion = "Xcode 14.0";
			developmentRegion = en;
			hasScannedForEncodings = 0;
			knownRegions = (
				en,
				Base,
				ar,
			);
			mainGroup = EE660E3A2BEAB6CF00F89868;
			packageReferences = (
			);
			productRefGroup = EE660E3A2BEAB6CF00F89868;
			projectDirPath = "";
			projectRoot = "";
			targets = (
				EE660E422BEAB6CF00F89868 /* EasyRider */,
				EE660E582BEAB6D500F89868 /* EasyRiderTests */,
				EE660E622BEAB6D500F89868 /* EasyRiderUITests */,
			);
		};
/* End PBXProject section */

/* Begin PBXResourcesBuildPhase section */
		EE660E412BEAB6CF00F89868 /* Resources */ = {
			isa = PBXResourcesBuildPhase;
			buildActionMask = 2147483647;
			files = (
				EE660E7B2BEAB83F00F89868 /* Colors.xcassets in Resources */,
				EE660E502BEAB6D400F89868 /* Assets.xcassets in Resources */,
				EE660E532BEAB6D400F89868 /* Base in Resources */,
				EEEE83822BF3B0FB00B5E566 /* .swiftlint.yml in Resources */,
				EEEE837F2BF3ADD200B5E566 /* Poppins-Medium.ttf in Resources */,
				EEEE83872BF3B44100B5E566 /* Localizable.strings in Resources */,
				EEEE837B2BF3ADD200B5E566 /* Poppins-Bold.ttf in Resources */,
				EEEE837D2BF3ADD200B5E566 /* Poppins-Regular.ttf in Resources */,
				EEEE838A2BF3B49700B5E566 /* swiftgen.yml in Resources */,
				EEFF6C722BF810A800FD9906 /* Coordinator in Resources */,
			);
			runOnlyForDeploymentPostprocessing = 0;
		};
		EE660E572BEAB6D500F89868 /* Resources */ = {
			isa = PBXResourcesBuildPhase;
			buildActionMask = 2147483647;
			files = (
			);
			runOnlyForDeploymentPostprocessing = 0;
		};
		EE660E612BEAB6D500F89868 /* Resources */ = {
			isa = PBXResourcesBuildPhase;
			buildActionMask = 2147483647;
			files = (
			);
			runOnlyForDeploymentPostprocessing = 0;
		};
/* End PBXResourcesBuildPhase section */

/* Begin PBXShellScriptBuildPhase section */
		EEEE83832BF3B12200B5E566 /* swiftlint */ = {
			isa = PBXShellScriptBuildPhase;
			alwaysOutOfDate = 1;
			buildActionMask = 2147483647;
			files = (
			);
			inputFileListPaths = (
			);
			inputPaths = (
			);
			name = swiftlint;
			outputFileListPaths = (
			);
			outputPaths = (
			);
			runOnlyForDeploymentPostprocessing = 0;
			shellPath = /bin/sh;
			shellScript = "export PATH=\"$PATH:/opt/homebrew/bin\"\nif which swiftlint >/dev/null; then\n  swiftlint\nelse\n  echo \"warning: SwiftLint not installed, download from https://github.com/realm/SwiftLint\"\nfi \n";
		};
		EEEE838C2BF3B4CC00B5E566 /* swiftgen */ = {
			isa = PBXShellScriptBuildPhase;
			alwaysOutOfDate = 1;
			buildActionMask = 2147483647;
			files = (
			);
			inputFileListPaths = (
			);
			inputPaths = (
			);
			name = swiftgen;
			outputFileListPaths = (
			);
			outputPaths = (
			);
			runOnlyForDeploymentPostprocessing = 0;
			shellPath = /bin/sh;
			shellScript = "# Type a script or drag a script file from your workspace to insert its path.\nexport PATH=\"$PATH:/opt/homebrew/bin\"\nif which swiftgen >/dev/null; then\n  swiftgen\nelse\n  echo \"swiftgen not installed\"\nfi \n";
		};
/* End PBXShellScriptBuildPhase section */

/* Begin PBXSourcesBuildPhase section */
		EE660E3F2BEAB6CF00F89868 /* Sources */ = {
			isa = PBXSourcesBuildPhase;
			buildActionMask = 2147483647;
			files = (
				EE660E852BEAB8EB00F89868 /* SplashViewModel.swift in Sources */,
				1E35D66B2BFBCA730088E593 /* TabBarItem.swift in Sources */,
				EE660E912BEAC20E00F89868 /* ERCoordinator.swift in Sources */,
				EEEE83902BF3B84C00B5E566 /* Assets.swift in Sources */,
				EE2132FA2C03C635007BA83C /* ERButton.swift in Sources */,
				EE2132FF2C03D1E2007BA83C /* CGFloat+Constants.swift in Sources */,
				EEA320E12BF64ED60026B058 /* NextViewModel.swift in Sources */,
				1E0413C12C03B2B200618CE5 /* TabBarViewModel.swift in Sources */,
				EEA320E62BF652C40026B058 /* ERTextField.swift in Sources */,
				EEA320DE2BF64ED60026B058 /* NextCoordinator.swift in Sources */,
				EEA320E82BF656450026B058 /* DropDownTextField.swift in Sources */,
				EEEE838E2BF3B51C00B5E566 /* Strings+Generated.swift in Sources */,
				1E351DB82C05226200344A40 /* TabBarViewController.swift in Sources */,
				1E351DB62C05224F00344A40 /* TabBarView.swift in Sources */,
				EEB55BCF2BEEB5C90010692E /* LoginUseCase.swift in Sources */,
				EEA320D82BF64ED10026B058 /* SignupViewModel.swift in Sources */,
				EEB55BC92BEEB5AA0010692E /* LoginCoordinator.swift in Sources */,
				EEFF6C6F2BF7FD6A00FD9906 /* TermsAndCondition.swift in Sources */,
				EEB55BCA2BEEB5AA0010692E /* LoginViewController.swift in Sources */,
				EEA320D72BF64ED10026B058 /* SignupViewController.swift in Sources */,
				EE660E472BEAB6CF00F89868 /* AppDelegate.swift in Sources */,
				EE660E932BEAC5F500F89868 /* SplashCoordinator.swift in Sources */,
				1E50A4D12C027FC200981F7C /* TabBarUseCase.swift in Sources */,
				EE660E872BEAB90600F89868 /* SplashViewController.swift in Sources */,
				1EC97B772BFC0782004D6A22 /* TabBarItemAbstractFactory.swift in Sources */,
				EE660E832BEAB8CA00F89868 /* SplashView.swift in Sources */,
				EE660E492BEAB6CF00F89868 /* SceneDelegate.swift in Sources */,
				1E50A4D32C02850000981F7C /* TabBarCoordinator.swift in Sources */,
				EEB55BC82BEEB5AA0010692E /* LoginViewModel.swift in Sources */,
				EEA320DF2BF64ED60026B058 /* NextView.swift in Sources */,
				EE660E9A2BEAC95E00F89868 /* ERRouter.swift in Sources */,
				EEEE837E2BF3ADD200B5E566 /* UIFont+Style.swift in Sources */,
				EEA320E02BF64ED60026B058 /* NextViewController.swift in Sources */,
				EEA320D62BF64ED10026B058 /* SignupView.swift in Sources */,
				EE660E982BEAC8F700F89868 /* Command.swift in Sources */,
				EEB55BCB2BEEB5AA0010692E /* LoginView.swift in Sources */,
				EEA320D52BF64ED10026B058 /* SignupCoordinator.swift in Sources */,
				EEEE837C2BF3ADD200B5E566 /* Font+Style.swift in Sources */,
				EE660E952BEAC8DC00F89868 /* ERCoordinatorCommand.swift in Sources */,
				EE2132FC2C03D015007BA83C /* SocialMediaButton.swift in Sources */,
			);
			runOnlyForDeploymentPostprocessing = 0;
		};
		EE660E552BEAB6D500F89868 /* Sources */ = {
			isa = PBXSourcesBuildPhase;
			buildActionMask = 2147483647;
			files = (
				EE660E5E2BEAB6D500F89868 /* EasyRiderTests.swift in Sources */,
			);
			runOnlyForDeploymentPostprocessing = 0;
		};
		EE660E5F2BEAB6D500F89868 /* Sources */ = {
			isa = PBXSourcesBuildPhase;
			buildActionMask = 2147483647;
			files = (
				EE660E682BEAB6D500F89868 /* EasyRiderUITests.swift in Sources */,
				EE660E6A2BEAB6D500F89868 /* EasyRiderUITestsLaunchTests.swift in Sources */,
			);
			runOnlyForDeploymentPostprocessing = 0;
		};
/* End PBXSourcesBuildPhase section */

/* Begin PBXTargetDependency section */
		EE660E5B2BEAB6D500F89868 /* PBXTargetDependency */ = {
			isa = PBXTargetDependency;
			target = EE660E422BEAB6CF00F89868 /* EasyRider */;
			targetProxy = EE660E5A2BEAB6D500F89868 /* PBXContainerItemProxy */;
		};
		EE660E652BEAB6D500F89868 /* PBXTargetDependency */ = {
			isa = PBXTargetDependency;
			target = EE660E422BEAB6CF00F89868 /* EasyRider */;
			targetProxy = EE660E642BEAB6D500F89868 /* PBXContainerItemProxy */;
		};
/* End PBXTargetDependency section */

/* Begin PBXVariantGroup section */
		EE660E512BEAB6D400F89868 /* LaunchScreen.storyboard */ = {
			isa = PBXVariantGroup;
			children = (
				EE660E522BEAB6D400F89868 /* Base */,
				EEEE83842BF3B43300B5E566 /* ar */,
			);
			name = LaunchScreen.storyboard;
			sourceTree = "<group>";
		};
		EEEE83852BF3B44100B5E566 /* Localizable.strings */ = {
			isa = PBXVariantGroup;
			children = (
				EEEE83862BF3B44100B5E566 /* en */,
				EEEE83882BF3B44C00B5E566 /* ar */,
			);
			name = Localizable.strings;
			sourceTree = "<group>";
		};
/* End PBXVariantGroup section */

/* Begin XCBuildConfiguration section */
		EE660E6B2BEAB6D500F89868 /* Debug */ = {
			isa = XCBuildConfiguration;
			buildSettings = {
				ALWAYS_SEARCH_USER_PATHS = NO;
				ASSETCATALOG_COMPILER_GENERATE_SWIFT_ASSET_SYMBOL_EXTENSIONS = YES;
				CLANG_ANALYZER_LOCALIZABILITY_NONLOCALIZED = YES;
				CLANG_ANALYZER_NONNULL = YES;
				CLANG_ANALYZER_NUMBER_OBJECT_CONVERSION = YES_AGGRESSIVE;
				CLANG_CXX_LANGUAGE_STANDARD = "gnu++20";
				CLANG_ENABLE_MODULES = YES;
				CLANG_ENABLE_OBJC_ARC = YES;
				CLANG_ENABLE_OBJC_WEAK = YES;
				CLANG_WARN_BLOCK_CAPTURE_AUTORELEASING = YES;
				CLANG_WARN_BOOL_CONVERSION = YES;
				CLANG_WARN_COMMA = YES;
				CLANG_WARN_CONSTANT_CONVERSION = YES;
				CLANG_WARN_DEPRECATED_OBJC_IMPLEMENTATIONS = YES;
				CLANG_WARN_DIRECT_OBJC_ISA_USAGE = YES_ERROR;
				CLANG_WARN_DOCUMENTATION_COMMENTS = YES;
				CLANG_WARN_EMPTY_BODY = YES;
				CLANG_WARN_ENUM_CONVERSION = YES;
				CLANG_WARN_INFINITE_RECURSION = YES;
				CLANG_WARN_INT_CONVERSION = YES;
				CLANG_WARN_NON_LITERAL_NULL_CONVERSION = YES;
				CLANG_WARN_OBJC_IMPLICIT_RETAIN_SELF = YES;
				CLANG_WARN_OBJC_LITERAL_CONVERSION = YES;
				CLANG_WARN_OBJC_ROOT_CLASS = YES_ERROR;
				CLANG_WARN_QUOTED_INCLUDE_IN_FRAMEWORK_HEADER = YES;
				CLANG_WARN_RANGE_LOOP_ANALYSIS = YES;
				CLANG_WARN_STRICT_PROTOTYPES = YES;
				CLANG_WARN_SUSPICIOUS_MOVE = YES;
				CLANG_WARN_UNGUARDED_AVAILABILITY = YES_AGGRESSIVE;
				CLANG_WARN_UNREACHABLE_CODE = YES;
				CLANG_WARN__DUPLICATE_METHOD_MATCH = YES;
				COPY_PHASE_STRIP = NO;
				DEBUG_INFORMATION_FORMAT = dwarf;
				ENABLE_STRICT_OBJC_MSGSEND = YES;
				ENABLE_TESTABILITY = YES;
				ENABLE_USER_SCRIPT_SANDBOXING = NO;
				GCC_C_LANGUAGE_STANDARD = gnu17;
				GCC_DYNAMIC_NO_PIC = NO;
				GCC_NO_COMMON_BLOCKS = YES;
				GCC_OPTIMIZATION_LEVEL = 0;
				GCC_PREPROCESSOR_DEFINITIONS = (
					"DEBUG=1",
					"$(inherited)",
				);
				GCC_WARN_64_TO_32_BIT_CONVERSION = YES;
				GCC_WARN_ABOUT_RETURN_TYPE = YES_ERROR;
				GCC_WARN_UNDECLARED_SELECTOR = YES;
				GCC_WARN_UNINITIALIZED_AUTOS = YES_AGGRESSIVE;
				GCC_WARN_UNUSED_FUNCTION = YES;
				GCC_WARN_UNUSED_VARIABLE = YES;
				IPHONEOS_DEPLOYMENT_TARGET = 16.0;
				LOCALIZATION_PREFERS_STRING_CATALOGS = YES;
				MTL_ENABLE_DEBUG_INFO = INCLUDE_SOURCE;
				MTL_FAST_MATH = YES;
				ONLY_ACTIVE_ARCH = YES;
				SDKROOT = iphoneos;
				SWIFT_ACTIVE_COMPILATION_CONDITIONS = "DEBUG $(inherited)";
				SWIFT_OPTIMIZATION_LEVEL = "-Onone";
			};
			name = Debug;
		};
		EE660E6C2BEAB6D500F89868 /* Release */ = {
			isa = XCBuildConfiguration;
			buildSettings = {
				ALWAYS_SEARCH_USER_PATHS = NO;
				ASSETCATALOG_COMPILER_GENERATE_SWIFT_ASSET_SYMBOL_EXTENSIONS = YES;
				CLANG_ANALYZER_LOCALIZABILITY_NONLOCALIZED = YES;
				CLANG_ANALYZER_NONNULL = YES;
				CLANG_ANALYZER_NUMBER_OBJECT_CONVERSION = YES_AGGRESSIVE;
				CLANG_CXX_LANGUAGE_STANDARD = "gnu++20";
				CLANG_ENABLE_MODULES = YES;
				CLANG_ENABLE_OBJC_ARC = YES;
				CLANG_ENABLE_OBJC_WEAK = YES;
				CLANG_WARN_BLOCK_CAPTURE_AUTORELEASING = YES;
				CLANG_WARN_BOOL_CONVERSION = YES;
				CLANG_WARN_COMMA = YES;
				CLANG_WARN_CONSTANT_CONVERSION = YES;
				CLANG_WARN_DEPRECATED_OBJC_IMPLEMENTATIONS = YES;
				CLANG_WARN_DIRECT_OBJC_ISA_USAGE = YES_ERROR;
				CLANG_WARN_DOCUMENTATION_COMMENTS = YES;
				CLANG_WARN_EMPTY_BODY = YES;
				CLANG_WARN_ENUM_CONVERSION = YES;
				CLANG_WARN_INFINITE_RECURSION = YES;
				CLANG_WARN_INT_CONVERSION = YES;
				CLANG_WARN_NON_LITERAL_NULL_CONVERSION = YES;
				CLANG_WARN_OBJC_IMPLICIT_RETAIN_SELF = YES;
				CLANG_WARN_OBJC_LITERAL_CONVERSION = YES;
				CLANG_WARN_OBJC_ROOT_CLASS = YES_ERROR;
				CLANG_WARN_QUOTED_INCLUDE_IN_FRAMEWORK_HEADER = YES;
				CLANG_WARN_RANGE_LOOP_ANALYSIS = YES;
				CLANG_WARN_STRICT_PROTOTYPES = YES;
				CLANG_WARN_SUSPICIOUS_MOVE = YES;
				CLANG_WARN_UNGUARDED_AVAILABILITY = YES_AGGRESSIVE;
				CLANG_WARN_UNREACHABLE_CODE = YES;
				CLANG_WARN__DUPLICATE_METHOD_MATCH = YES;
				COPY_PHASE_STRIP = NO;
				DEBUG_INFORMATION_FORMAT = "dwarf-with-dsym";
				ENABLE_NS_ASSERTIONS = NO;
				ENABLE_STRICT_OBJC_MSGSEND = YES;
				ENABLE_USER_SCRIPT_SANDBOXING = NO;
				GCC_C_LANGUAGE_STANDARD = gnu17;
				GCC_NO_COMMON_BLOCKS = YES;
				GCC_WARN_64_TO_32_BIT_CONVERSION = YES;
				GCC_WARN_ABOUT_RETURN_TYPE = YES_ERROR;
				GCC_WARN_UNDECLARED_SELECTOR = YES;
				GCC_WARN_UNINITIALIZED_AUTOS = YES_AGGRESSIVE;
				GCC_WARN_UNUSED_FUNCTION = YES;
				GCC_WARN_UNUSED_VARIABLE = YES;
				IPHONEOS_DEPLOYMENT_TARGET = 16.0;
				LOCALIZATION_PREFERS_STRING_CATALOGS = YES;
				MTL_ENABLE_DEBUG_INFO = NO;
				MTL_FAST_MATH = YES;
				SDKROOT = iphoneos;
				SWIFT_COMPILATION_MODE = wholemodule;
				VALIDATE_PRODUCT = YES;
			};
			name = Release;
		};
		EE660E6E2BEAB6D500F89868 /* Debug */ = {
			isa = XCBuildConfiguration;
			buildSettings = {
				ASSETCATALOG_COMPILER_APPICON_NAME = AppIcon;
				ASSETCATALOG_COMPILER_GLOBAL_ACCENT_COLOR_NAME = AccentColor;
				CODE_SIGN_STYLE = Automatic;
				CURRENT_PROJECT_VERSION = 1;
				DEVELOPMENT_TEAM = 4U8DMJ33ZN;
				GENERATE_INFOPLIST_FILE = YES;
				INFOPLIST_FILE = EasyRider/Info.plist;
				INFOPLIST_KEY_UIApplicationSupportsIndirectInputEvents = YES;
				INFOPLIST_KEY_UILaunchStoryboardName = LaunchScreen;
				INFOPLIST_KEY_UISupportedInterfaceOrientations_iPad = "UIInterfaceOrientationPortrait UIInterfaceOrientationPortraitUpsideDown UIInterfaceOrientationLandscapeLeft UIInterfaceOrientationLandscapeRight";
				INFOPLIST_KEY_UISupportedInterfaceOrientations_iPhone = "UIInterfaceOrientationPortrait UIInterfaceOrientationLandscapeLeft UIInterfaceOrientationLandscapeRight";
				IPHONEOS_DEPLOYMENT_TARGET = 16.0;
				LD_RUNPATH_SEARCH_PATHS = (
					"$(inherited)",
					"@executable_path/Frameworks",
				);
				MARKETING_VERSION = 1.0;
				PRODUCT_BUNDLE_IDENTIFIER = com.yamany.EasyRider;
				PRODUCT_NAME = "$(TARGET_NAME)";
				SWIFT_EMIT_LOC_STRINGS = YES;
				SWIFT_VERSION = 5.0;
				TARGETED_DEVICE_FAMILY = "1,2";
			};
			name = Debug;
		};
		EE660E6F2BEAB6D500F89868 /* Release */ = {
			isa = XCBuildConfiguration;
			buildSettings = {
				ASSETCATALOG_COMPILER_APPICON_NAME = AppIcon;
				ASSETCATALOG_COMPILER_GLOBAL_ACCENT_COLOR_NAME = AccentColor;
				CODE_SIGN_STYLE = Automatic;
				CURRENT_PROJECT_VERSION = 1;
				DEVELOPMENT_TEAM = 4U8DMJ33ZN;
				GENERATE_INFOPLIST_FILE = YES;
				INFOPLIST_FILE = EasyRider/Info.plist;
				INFOPLIST_KEY_UIApplicationSupportsIndirectInputEvents = YES;
				INFOPLIST_KEY_UILaunchStoryboardName = LaunchScreen;
				INFOPLIST_KEY_UISupportedInterfaceOrientations_iPad = "UIInterfaceOrientationPortrait UIInterfaceOrientationPortraitUpsideDown UIInterfaceOrientationLandscapeLeft UIInterfaceOrientationLandscapeRight";
				INFOPLIST_KEY_UISupportedInterfaceOrientations_iPhone = "UIInterfaceOrientationPortrait UIInterfaceOrientationLandscapeLeft UIInterfaceOrientationLandscapeRight";
				IPHONEOS_DEPLOYMENT_TARGET = 16.0;
				LD_RUNPATH_SEARCH_PATHS = (
					"$(inherited)",
					"@executable_path/Frameworks",
				);
				MARKETING_VERSION = 1.0;
				PRODUCT_BUNDLE_IDENTIFIER = com.yamany.EasyRider;
				PRODUCT_NAME = "$(TARGET_NAME)";
				SWIFT_EMIT_LOC_STRINGS = YES;
				SWIFT_VERSION = 5.0;
				TARGETED_DEVICE_FAMILY = "1,2";
			};
			name = Release;
		};
		EE660E712BEAB6D500F89868 /* Debug */ = {
			isa = XCBuildConfiguration;
			buildSettings = {
				ALWAYS_EMBED_SWIFT_STANDARD_LIBRARIES = YES;
				BUNDLE_LOADER = "$(TEST_HOST)";
				CODE_SIGN_STYLE = Automatic;
				CURRENT_PROJECT_VERSION = 1;
				DEVELOPMENT_TEAM = 4U8DMJ33ZN;
				GENERATE_INFOPLIST_FILE = YES;
				IPHONEOS_DEPLOYMENT_TARGET = 17.4;
				MARKETING_VERSION = 1.0;
				PRODUCT_BUNDLE_IDENTIFIER = com.yamany.EasyRiderTests;
				PRODUCT_NAME = "$(TARGET_NAME)";
				SWIFT_EMIT_LOC_STRINGS = NO;
				SWIFT_VERSION = 5.0;
				TARGETED_DEVICE_FAMILY = "1,2";
				TEST_HOST = "$(BUILT_PRODUCTS_DIR)/EasyRider.app/$(BUNDLE_EXECUTABLE_FOLDER_PATH)/EasyRider";
			};
			name = Debug;
		};
		EE660E722BEAB6D500F89868 /* Release */ = {
			isa = XCBuildConfiguration;
			buildSettings = {
				ALWAYS_EMBED_SWIFT_STANDARD_LIBRARIES = YES;
				BUNDLE_LOADER = "$(TEST_HOST)";
				CODE_SIGN_STYLE = Automatic;
				CURRENT_PROJECT_VERSION = 1;
				DEVELOPMENT_TEAM = 4U8DMJ33ZN;
				GENERATE_INFOPLIST_FILE = YES;
				IPHONEOS_DEPLOYMENT_TARGET = 17.4;
				MARKETING_VERSION = 1.0;
				PRODUCT_BUNDLE_IDENTIFIER = com.yamany.EasyRiderTests;
				PRODUCT_NAME = "$(TARGET_NAME)";
				SWIFT_EMIT_LOC_STRINGS = NO;
				SWIFT_VERSION = 5.0;
				TARGETED_DEVICE_FAMILY = "1,2";
				TEST_HOST = "$(BUILT_PRODUCTS_DIR)/EasyRider.app/$(BUNDLE_EXECUTABLE_FOLDER_PATH)/EasyRider";
			};
			name = Release;
		};
		EE660E742BEAB6D500F89868 /* Debug */ = {
			isa = XCBuildConfiguration;
			buildSettings = {
				ALWAYS_EMBED_SWIFT_STANDARD_LIBRARIES = YES;
				CODE_SIGN_STYLE = Automatic;
				CURRENT_PROJECT_VERSION = 1;
				DEVELOPMENT_TEAM = 4U8DMJ33ZN;
				GENERATE_INFOPLIST_FILE = YES;
				MARKETING_VERSION = 1.0;
				PRODUCT_BUNDLE_IDENTIFIER = com.yamany.EasyRiderUITests;
				PRODUCT_NAME = "$(TARGET_NAME)";
				SWIFT_EMIT_LOC_STRINGS = NO;
				SWIFT_VERSION = 5.0;
				TARGETED_DEVICE_FAMILY = "1,2";
				TEST_TARGET_NAME = EasyRider;
			};
			name = Debug;
		};
		EE660E752BEAB6D500F89868 /* Release */ = {
			isa = XCBuildConfiguration;
			buildSettings = {
				ALWAYS_EMBED_SWIFT_STANDARD_LIBRARIES = YES;
				CODE_SIGN_STYLE = Automatic;
				CURRENT_PROJECT_VERSION = 1;
				DEVELOPMENT_TEAM = 4U8DMJ33ZN;
				GENERATE_INFOPLIST_FILE = YES;
				MARKETING_VERSION = 1.0;
				PRODUCT_BUNDLE_IDENTIFIER = com.yamany.EasyRiderUITests;
				PRODUCT_NAME = "$(TARGET_NAME)";
				SWIFT_EMIT_LOC_STRINGS = NO;
				SWIFT_VERSION = 5.0;
				TARGETED_DEVICE_FAMILY = "1,2";
				TEST_TARGET_NAME = EasyRider;
			};
			name = Release;
		};
/* End XCBuildConfiguration section */

/* Begin XCConfigurationList section */
		EE660E3E2BEAB6CF00F89868 /* Build configuration list for PBXProject "EasyRider" */ = {
			isa = XCConfigurationList;
			buildConfigurations = (
				EE660E6B2BEAB6D500F89868 /* Debug */,
				EE660E6C2BEAB6D500F89868 /* Release */,
			);
			defaultConfigurationIsVisible = 0;
			defaultConfigurationName = Release;
		};
		EE660E6D2BEAB6D500F89868 /* Build configuration list for PBXNativeTarget "EasyRider" */ = {
			isa = XCConfigurationList;
			buildConfigurations = (
				EE660E6E2BEAB6D500F89868 /* Debug */,
				EE660E6F2BEAB6D500F89868 /* Release */,
			);
			defaultConfigurationIsVisible = 0;
			defaultConfigurationName = Release;
		};
		EE660E702BEAB6D500F89868 /* Build configuration list for PBXNativeTarget "EasyRiderTests" */ = {
			isa = XCConfigurationList;
			buildConfigurations = (
				EE660E712BEAB6D500F89868 /* Debug */,
				EE660E722BEAB6D500F89868 /* Release */,
			);
			defaultConfigurationIsVisible = 0;
			defaultConfigurationName = Release;
		};
		EE660E732BEAB6D500F89868 /* Build configuration list for PBXNativeTarget "EasyRiderUITests" */ = {
			isa = XCConfigurationList;
			buildConfigurations = (
				EE660E742BEAB6D500F89868 /* Debug */,
				EE660E752BEAB6D500F89868 /* Release */,
			);
			defaultConfigurationIsVisible = 0;
			defaultConfigurationName = Release;
		};
/* End XCConfigurationList section */

/* Begin XCSwiftPackageProductDependency section */
		EEFF6C742BF810B700FD9906 /* Coordinator */ = {
			isa = XCSwiftPackageProductDependency;
			productName = Coordinator;
		};
/* End XCSwiftPackageProductDependency section */
	};
	rootObject = EE660E3B2BEAB6CF00F89868 /* Project object */;
}
